
Microsoft Visual Studio Solution File, Format Version 12.00
# Visual Studio 15
VisualStudioVersion = 15.0.28010.2036
MinimumVisualStudioVersion = 10.0.40219.1
Project("{9A19103F-16F7-4668-BE54-9A1E7A4F7556}") = "Bogosoft.Parsing", "Bogosoft.Parsing\Bogosoft.Parsing.csproj", "{7F0DB16C-6F4A-4500-AF58-78DE7C1179A1}"
EndProject
Project("{FAE04EC0-301F-11D3-BF4B-00C04F79EFBC}") = "Bogosoft.Parsing.Tests", "Bogosoft.Parsing.Tests\Bogosoft.Parsing.Tests.csproj", "{666FBB2E-70DF-4774-9EAB-CDAE83B29451}"
EndProject
Global
	GlobalSection(SolutionConfigurationPlatforms) = preSolution
		Debug|Any CPU = Debug|Any CPU
		Release|Any CPU = Release|Any CPU
	EndGlobalSection
	GlobalSection(ProjectConfigurationPlatforms) = postSolution
		{7F0DB16C-6F4A-4500-AF58-78DE7C1179A1}.Debug|Any CPU.ActiveCfg = Debug|Any CPU
		{7F0DB16C-6F4A-4500-AF58-78DE7C1179A1}.Debug|Any CPU.Build.0 = Debug|Any CPU
		{7F0DB16C-6F4A-4500-AF58-78DE7C1179A1}.Release|Any CPU.ActiveCfg = Release|Any CPU
		{7F0DB16C-6F4A-4500-AF58-78DE7C1179A1}.Release|Any CPU.Build.0 = Release|Any CPU
		{666FBB2E-70DF-4774-9EAB-CDAE83B29451}.Debug|Any CPU.ActiveCfg = Debug|Any CPU
		{666FBB2E-70DF-4774-9EAB-CDAE83B29451}.Debug|Any CPU.Build.0 = Debug|Any CPU
		{666FBB2E-70DF-4774-9EAB-CDAE83B29451}.Release|Any CPU.ActiveCfg = Release|Any CPU
		{666FBB2E-70DF-4774-9EAB-CDAE83B29451}.Release|Any CPU.Build.0 = Release|Any CPU
	EndGlobalSection
	GlobalSection(SolutionProperties) = preSolution
		HideSolutionNode = FALSE
	EndGlobalSection
	GlobalSection(ExtensibilityGlobals) = postSolution
		SolutionGuid = {53A3B601-2647-4463-B5FB-21DF7B80A120}
	EndGlobalSection
EndGlobal
